
Microsoft Visual Studio Solution File, Format Version 12.00
# Visual Studio Version 17
VisualStudioVersion = 17.6.33723.286
MinimumVisualStudioVersion = 10.0.40219.1
Project("{FAE04EC0-301F-11D3-BF4B-00C04F79EFBC}") = "PaelystSolution", "PaelystSolution.csproj", "{D938F99F-871F-4138-B826-64B20E9BE58B}"
EndProject
Global
	GlobalSection(SolutionConfigurationPlatforms) = preSolution
		Debug|Any CPU = Debug|Any CPU
		Release|Any CPU = Release|Any CPU
	EndGlobalSection
	GlobalSection(ProjectConfigurationPlatforms) = postSolution
		{D938F99F-871F-4138-B826-64B20E9BE58B}.Debug|Any CPU.ActiveCfg = Debug|Any CPU
		{D938F99F-871F-4138-B826-64B20E9BE58B}.Debug|Any CPU.Build.0 = Debug|Any CPU
		{D938F99F-871F-4138-B826-64B20E9BE58B}.Release|Any CPU.ActiveCfg = Release|Any CPU
		{D938F99F-871F-4138-B826-64B20E9BE58B}.Release|Any CPU.Build.0 = Release|Any CPU
	EndGlobalSection
	GlobalSection(SolutionProperties) = preSolution
		HideSolutionNode = FALSE
	EndGlobalSection
	GlobalSection(ExtensibilityGlobals) = postSolution
		SolutionGuid = {4CCE3043-6F4F-45CC-9647-CFD494D2150C}
	EndGlobalSection
EndGlobal
